
Microsoft Visual Studio Solution File, Format Version 12.00
# Visual Studio Version 17
VisualStudioVersion = 17.9.34310.174
MinimumVisualStudioVersion = 10.0.40219.1
Project("{FAE04EC0-301F-11D3-BF4B-00C04F79EFBC}") = "QRCode", "QRCode.csproj", "{36208D0C-9C62-4D62-A239-B49B0C5B617A}"
EndProject
Global
	GlobalSection(SolutionConfigurationPlatforms) = preSolution
		Debug|Any CPU = Debug|Any CPU
		Release|Any CPU = Release|Any CPU
	EndGlobalSection
	GlobalSection(ProjectConfigurationPlatforms) = postSolution
		{36208D0C-9C62-4D62-A239-B49B0C5B617A}.Debug|Any CPU.ActiveCfg = Debug|Any CPU
		{36208D0C-9C62-4D62-A239-B49B0C5B617A}.Debug|Any CPU.Build.0 = Debug|Any CPU
		{36208D0C-9C62-4D62-A239-B49B0C5B617A}.Release|Any CPU.ActiveCfg = Release|Any CPU
		{36208D0C-9C62-4D62-A239-B49B0C5B617A}.Release|Any CPU.Build.0 = Release|Any CPU
	EndGlobalSection
	GlobalSection(SolutionProperties) = preSolution
		HideSolutionNode = FALSE
	EndGlobalSection
	GlobalSection(ExtensibilityGlobals) = postSolution
		SolutionGuid = {2C1D74C5-556B-4964-B94D-00CE978551FD}
	EndGlobalSection
EndGlobal
